
Microsoft Visual Studio Solution File, Format Version 12.00
# Visual Studio Version 17
VisualStudioVersion = 17.3.32825.248
MinimumVisualStudioVersion = 10.0.40219.1
Project("{FAE04EC0-301F-11D3-BF4B-00C04F79EFBC}") = "Goals", "Goals\Goals.csproj", "{45F45F52-90BA-4881-BB5E-C6616BDFFC67}"
EndProject
Global
	GlobalSection(SolutionConfigurationPlatforms) = preSolution
		Debug|Any CPU = Debug|Any CPU
		Release|Any CPU = Release|Any CPU
	EndGlobalSection
	GlobalSection(ProjectConfigurationPlatforms) = postSolution
		{45F45F52-90BA-4881-BB5E-C6616BDFFC67}.Debug|Any CPU.ActiveCfg = Debug|Any CPU
		{45F45F52-90BA-4881-BB5E-C6616BDFFC67}.Debug|Any CPU.Build.0 = Debug|Any CPU
		{45F45F52-90BA-4881-BB5E-C6616BDFFC67}.Release|Any CPU.ActiveCfg = Release|Any CPU
		{45F45F52-90BA-4881-BB5E-C6616BDFFC67}.Release|Any CPU.Build.0 = Release|Any CPU
	EndGlobalSection
	GlobalSection(SolutionProperties) = preSolution
		HideSolutionNode = FALSE
	EndGlobalSection
	GlobalSection(ExtensibilityGlobals) = postSolution
		SolutionGuid = {5580B061-8EF5-4EA5-B972-7D490FB6BF86}
	EndGlobalSection
EndGlobal
